
Microsoft Visual Studio Solution File, Format Version 12.00
# Visual Studio 15
VisualStudioVersion = 15.0.28307.421
MinimumVisualStudioVersion = 10.0.40219.1
Project("{9A19103F-16F7-4668-BE54-9A1E7A4F7556}") = "PlanetDatabase", "PlanetDatabase\PlanetDatabase.csproj", "{E8DDE299-4E54-4D3B-B4C1-1A20FE0F3237}"
EndProject
Project("{FAE04EC0-301F-11D3-BF4B-00C04F79EFBC}") = "PlanetDatabase.Core", "PlanetDatabase.Core\PlanetDatabase.Core.csproj", "{B106F4BF-8029-4511-9C51-350BB48F46B6}"
EndProject
Project("{FAE04EC0-301F-11D3-BF4B-00C04F79EFBC}") = "PlanetDatabase.Data", "PlanetDatabase.Data\PlanetDatabase.Data.csproj", "{8EE549F4-D469-4BFA-8004-7E283B6C209F}"
EndProject
Project("{FAE04EC0-301F-11D3-BF4B-00C04F79EFBC}") = "PlanetDatabase.UnitTests", "PlanetDatabase.UnitTests\PlanetDatabase.UnitTests.csproj", "{EE0C2FFC-8AA3-4776-82FD-EBDFEE058BD2}"
EndProject
Global
	GlobalSection(SolutionConfigurationPlatforms) = preSolution
		Debug|Any CPU = Debug|Any CPU
		Release|Any CPU = Release|Any CPU
	EndGlobalSection
	GlobalSection(ProjectConfigurationPlatforms) = postSolution
		{E8DDE299-4E54-4D3B-B4C1-1A20FE0F3237}.Debug|Any CPU.ActiveCfg = Debug|Any CPU
		{E8DDE299-4E54-4D3B-B4C1-1A20FE0F3237}.Debug|Any CPU.Build.0 = Debug|Any CPU
		{E8DDE299-4E54-4D3B-B4C1-1A20FE0F3237}.Release|Any CPU.ActiveCfg = Release|Any CPU
		{E8DDE299-4E54-4D3B-B4C1-1A20FE0F3237}.Release|Any CPU.Build.0 = Release|Any CPU
		{B106F4BF-8029-4511-9C51-350BB48F46B6}.Debug|Any CPU.ActiveCfg = Debug|Any CPU
		{B106F4BF-8029-4511-9C51-350BB48F46B6}.Debug|Any CPU.Build.0 = Debug|Any CPU
		{B106F4BF-8029-4511-9C51-350BB48F46B6}.Release|Any CPU.ActiveCfg = Release|Any CPU
		{B106F4BF-8029-4511-9C51-350BB48F46B6}.Release|Any CPU.Build.0 = Release|Any CPU
		{8EE549F4-D469-4BFA-8004-7E283B6C209F}.Debug|Any CPU.ActiveCfg = Debug|Any CPU
		{8EE549F4-D469-4BFA-8004-7E283B6C209F}.Debug|Any CPU.Build.0 = Debug|Any CPU
		{8EE549F4-D469-4BFA-8004-7E283B6C209F}.Release|Any CPU.ActiveCfg = Release|Any CPU
		{8EE549F4-D469-4BFA-8004-7E283B6C209F}.Release|Any CPU.Build.0 = Release|Any CPU
		{EE0C2FFC-8AA3-4776-82FD-EBDFEE058BD2}.Debug|Any CPU.ActiveCfg = Debug|Any CPU
		{EE0C2FFC-8AA3-4776-82FD-EBDFEE058BD2}.Debug|Any CPU.Build.0 = Debug|Any CPU
		{EE0C2FFC-8AA3-4776-82FD-EBDFEE058BD2}.Release|Any CPU.ActiveCfg = Release|Any CPU
		{EE0C2FFC-8AA3-4776-82FD-EBDFEE058BD2}.Release|Any CPU.Build.0 = Release|Any CPU
	EndGlobalSection
	GlobalSection(SolutionProperties) = preSolution
		HideSolutionNode = FALSE
	EndGlobalSection
	GlobalSection(ExtensibilityGlobals) = postSolution
		SolutionGuid = {74C09221-A519-4AE9-8580-DCF8AC777687}
	EndGlobalSection
EndGlobal
